
Microsoft Visual Studio Solution File, Format Version 12.00
# Visual Studio Version 16
VisualStudioVersion = 16.0.29609.76
MinimumVisualStudioVersion = 10.0.40219.1
Project("{FAE04EC0-301F-11D3-BF4B-00C04F79EFBC}") = "TRMDataManager", "TRMDataManager\TRMDataManager.csproj", "{7F7B2F88-3AB1-4A04-8045-690FD87E35D4}"
EndProject
Project("{00D1A9C2-B5F0-4AF3-8072-F6C62B433612}") = "TRMData", "TRMData\TRMData.sqlproj", "{B2C0F63B-018F-4EE9-9202-7E33885DBB91}"
EndProject
Project("{FAE04EC0-301F-11D3-BF4B-00C04F79EFBC}") = "TRMDesktopUI", "TRMDesktopUI\TRMDesktopUI.csproj", "{A2BCCAE0-F48F-4FF9-8A13-17A1EDDECB26}"
EndProject
Project("{2150E333-8FDC-42A3-9474-1A3956D46DE8}") = "Solution Items", "Solution Items", "{9DAD833F-8A68-4275-AA0A-B53E73C16E11}"
	ProjectSection(SolutionItems) = preProject
		TimCo Cash Register Design.txt = TimCo Cash Register Design.txt
	EndProjectSection
EndProject
Project("{FAE04EC0-301F-11D3-BF4B-00C04F79EFBC}") = "TRMDataManager.Library", "TRMDataManager.Library\TRMDataManager.Library.csproj", "{D1DFC3CD-8E01-4774-8845-D4E2EACCE080}"
EndProject
Project("{FAE04EC0-301F-11D3-BF4B-00C04F79EFBC}") = "TRMDesktopUI.Library", "TRMDesktopUI.Library\TRMDesktopUI.Library.csproj", "{FE6E8A52-0ED8-46C2-BB32-277CA8471219}"
EndProject
Project("{2150E333-8FDC-42A3-9474-1A3956D46DE8}") = "Database", "Database", "{500B3F60-D273-4CC2-A759-A0F244FB62B7}"
EndProject
Project("{2150E333-8FDC-42A3-9474-1A3956D46DE8}") = "API", "API", "{0A8C265E-3D2A-4038-BC65-E3F29FD1BA4F}"
EndProject
Project("{2150E333-8FDC-42A3-9474-1A3956D46DE8}") = "WPFClient", "WPFClient", "{1AB7278A-81DC-4AE3-B25F-D67399FFC1D4}"
EndProject
Global
	GlobalSection(SolutionConfigurationPlatforms) = preSolution
		Debug|Any CPU = Debug|Any CPU
		Release|Any CPU = Release|Any CPU
	EndGlobalSection
	GlobalSection(ProjectConfigurationPlatforms) = postSolution
		{7F7B2F88-3AB1-4A04-8045-690FD87E35D4}.Debug|Any CPU.ActiveCfg = Debug|Any CPU
		{7F7B2F88-3AB1-4A04-8045-690FD87E35D4}.Debug|Any CPU.Build.0 = Debug|Any CPU
		{7F7B2F88-3AB1-4A04-8045-690FD87E35D4}.Release|Any CPU.ActiveCfg = Release|Any CPU
		{7F7B2F88-3AB1-4A04-8045-690FD87E35D4}.Release|Any CPU.Build.0 = Release|Any CPU
		{B2C0F63B-018F-4EE9-9202-7E33885DBB91}.Debug|Any CPU.ActiveCfg = Debug|Any CPU
		{B2C0F63B-018F-4EE9-9202-7E33885DBB91}.Debug|Any CPU.Build.0 = Debug|Any CPU
		{B2C0F63B-018F-4EE9-9202-7E33885DBB91}.Debug|Any CPU.Deploy.0 = Debug|Any CPU
		{B2C0F63B-018F-4EE9-9202-7E33885DBB91}.Release|Any CPU.ActiveCfg = Release|Any CPU
		{B2C0F63B-018F-4EE9-9202-7E33885DBB91}.Release|Any CPU.Build.0 = Release|Any CPU
		{B2C0F63B-018F-4EE9-9202-7E33885DBB91}.Release|Any CPU.Deploy.0 = Release|Any CPU
		{A2BCCAE0-F48F-4FF9-8A13-17A1EDDECB26}.Debug|Any CPU.ActiveCfg = Debug|Any CPU
		{A2BCCAE0-F48F-4FF9-8A13-17A1EDDECB26}.Debug|Any CPU.Build.0 = Debug|Any CPU
		{A2BCCAE0-F48F-4FF9-8A13-17A1EDDECB26}.Release|Any CPU.ActiveCfg = Release|Any CPU
		{A2BCCAE0-F48F-4FF9-8A13-17A1EDDECB26}.Release|Any CPU.Build.0 = Release|Any CPU
		{D1DFC3CD-8E01-4774-8845-D4E2EACCE080}.Debug|Any CPU.ActiveCfg = Debug|Any CPU
		{D1DFC3CD-8E01-4774-8845-D4E2EACCE080}.Debug|Any CPU.Build.0 = Debug|Any CPU
		{D1DFC3CD-8E01-4774-8845-D4E2EACCE080}.Release|Any CPU.ActiveCfg = Release|Any CPU
		{D1DFC3CD-8E01-4774-8845-D4E2EACCE080}.Release|Any CPU.Build.0 = Release|Any CPU
		{FE6E8A52-0ED8-46C2-BB32-277CA8471219}.Debug|Any CPU.ActiveCfg = Debug|Any CPU
		{FE6E8A52-0ED8-46C2-BB32-277CA8471219}.Debug|Any CPU.Build.0 = Debug|Any CPU
		{FE6E8A52-0ED8-46C2-BB32-277CA8471219}.Release|Any CPU.ActiveCfg = Release|Any CPU
		{FE6E8A52-0ED8-46C2-BB32-277CA8471219}.Release|Any CPU.Build.0 = Release|Any CPU
	EndGlobalSection
	GlobalSection(SolutionProperties) = preSolution
		HideSolutionNode = FALSE
	EndGlobalSection
	GlobalSection(NestedProjects) = preSolution
		{7F7B2F88-3AB1-4A04-8045-690FD87E35D4} = {0A8C265E-3D2A-4038-BC65-E3F29FD1BA4F}
		{B2C0F63B-018F-4EE9-9202-7E33885DBB91} = {500B3F60-D273-4CC2-A759-A0F244FB62B7}
		{A2BCCAE0-F48F-4FF9-8A13-17A1EDDECB26} = {1AB7278A-81DC-4AE3-B25F-D67399FFC1D4}
		{D1DFC3CD-8E01-4774-8845-D4E2EACCE080} = {0A8C265E-3D2A-4038-BC65-E3F29FD1BA4F}
		{FE6E8A52-0ED8-46C2-BB32-277CA8471219} = {1AB7278A-81DC-4AE3-B25F-D67399FFC1D4}
	EndGlobalSection
	GlobalSection(ExtensibilityGlobals) = postSolution
		SolutionGuid = {55858F26-ACE8-4785-9A42-1379489B6951}
	EndGlobalSection
EndGlobal
